{
  "version": 4,
  "terraform_version": "1.0.5",
  "serial": 97,
  "lineage": "bd5f9b12-2207-c9ee-4e14-86565139f124",
  "outputs": {},
  "resources": [
    {
      "module": "module.cluster",
      "mode": "managed",
      "type": "google_container_cluster",
      "name": "cluster",
      "provider": "provider[\"registry.terraform.io/hashicorp/google\"]",
      "instances": [
        {
          "schema_version": 1,
          "attributes": {
            "addons_config": [
              {
                "cloudrun_config": [],
                "horizontal_pod_autoscaling": [],
                "http_load_balancing": [],
                "network_policy_config": [
                  {
                    "disabled": false
                  }
                ]
              }
            ],
            "authenticator_groups_config": [],
            "cluster_autoscaling": [
              {
                "auto_provisioning_defaults": [],
                "enabled": false,
                "resource_limits": []
              }
            ],
            "cluster_ipv4_cidr": "10.41.0.0/16",
            "database_encryption": [
              {
                "key_name": "",
                "state": "DECRYPTED"
              }
            ],
            "datapath_provider": "",
            "default_max_pods_per_node": 110,
            "default_snat_status": [
              {
                "disabled": false
              }
            ],
            "description": "",
            "enable_autopilot": false,
            "enable_binary_authorization": false,
            "enable_intranode_visibility": false,
            "enable_kubernetes_alpha": false,
            "enable_legacy_abac": false,
            "enable_shielded_nodes": false,
            "enable_tpu": false,
            "endpoint": "35.198.100.57",
            "id": "projects/default-1148/locations/europe-west3/clusters/k8s-cainelli-dev",
            "initial_node_count": 1,
            "instance_group_urls": [],
            "ip_allocation_policy": [
              {
                "cluster_ipv4_cidr_block": "10.41.0.0/16",
                "cluster_secondary_range_name": "gke-pods-1",
                "services_ipv4_cidr_block": "10.42.0.0/16",
                "services_secondary_range_name": "gke-services-1"
              }
            ],
            "label_fingerprint": "192f8a02",
            "location": "europe-west3",
            "logging_service": "logging.googleapis.com/kubernetes",
            "maintenance_policy": [
              {
                "daily_maintenance_window": [
                  {
                    "duration": "PT4H0M0S",
                    "start_time": "06:00"
                  }
                ],
                "maintenance_exclusion": [],
                "recurring_window": []
              }
            ],
            "master_auth": [
              {
                "client_certificate": "",
                "client_certificate_config": [
                  {
                    "issue_client_certificate": false
                  }
                ],
                "client_key": "",
                "cluster_ca_certificate": "LS0tLS1CRUdJTiBDRVJUSUZJQ0FURS0tLS0tCk1JSUVMRENDQXBTZ0F3SUJBZ0lRU0VydzlKOVJiR0gxK3VRbmNpOGU4REFOQmdrcWhraUc5dzBCQVFzRkFEQXYKTVMwd0t3WURWUVFERXlReE16WmhNakkyWmkweVpUQTJMVFJsTmpFdE9UVXdOUzAyT0Roa01HUXhObUU0TXpVdwpJQmNOTWpFd09ETXhNVFExT1RVMFdoZ1BNakExTVRBNE1qUXhOVFU1TlRSYU1DOHhMVEFyQmdOVkJBTVRKREV6Ck5tRXlNalptTFRKbE1EWXROR1UyTVMwNU5UQTFMVFk0T0dRd1pERTJZVGd6TlRDQ0FhSXdEUVlKS29aSWh2Y04KQVFFQkJRQURnZ0dQQURDQ0FZb0NnZ0dCQU1KNDQvdExVTWRLWms0RmJkZ2trRVIzem50Mkk1bWlOaG9odStWbQpzaUdJNHZHbnczdmdyeTlEWjFwYmZuR0dVUEZTSk5SMElpR0I0ZlhmM2h6Zm5qeTVvM013SWo3c2hmTG01UzFWCkNmeHZLdnBGT3ZFcVVqUFZQQVNqQ1JrWmVWMjVzb0VpcWdKVllzbkpjVmdCZmlIT3NZVEN1YVprd0FrTVhadGoKVEEycmJYK0pRZXU5RVpVQ3lxenA4bTZ6WFBNc0d3dWgwb0o1QjlVd254MzBtdHNKbUo0Z29BbUVodVJXaDRMNgpCWmR5WVlsQlpqd2VWQWFRcjhJUVJUL3MyU3NLV2tXTmpRdThCM3FQemdXOHlKWkVVSDBPOGtqbUFOcTBGMFpWCk5NZFFOOEpUajFBYXZOc3E3S0paMkxSS1ZKVVBwZUpGNkJUTDgrR3BzbGhZSG9aQnJXV2IzZjNJeWcveVRGeVUKclVQQmNnOTB5VFZoV3BvS3I0SHgvVzVON0JBVERxdjZvMG96b1psRHVDUTh0aWVrZmZIbEc2OFh6d2xjbFBqcQpka2pab2tnL0prTXdtamZScUlQYkNyU24xTXNUdktDUWlPd1l5bDhPcDJFbHF2VUp4ZEpIUVIvMTNGdytXSkx4ClJIMEdqckF2ZmNuYTVWbDI2RHpGbUdmZDB3SURBUUFCbzBJd1FEQU9CZ05WSFE4QkFmOEVCQU1DQWdRd0R3WUQKVlIwVEFRSC9CQVV3QXdFQi96QWRCZ05WSFE0RUZnUVU4TGhkSTh3cFAwdjlWTXpzbWVDcGxMY0kwajR3RFFZSgpLb1pJaHZjTkFRRUxCUUFEZ2dHQkFHVTJqZ1VBaHlLeldzMnZNNzZTYXZGT2FPazNXL3J0a214MkdHMSt4ZHZuCnRwNnJIdmI1WU1qNlBGOFRiRzU4WDNBczNkTjUzaXFScFptYXBsR3M1MVdpRlBaNE5WbFFvbkRMOEh6YTVjcDkKcDNlWmNIRVJqeThpeGlBSWx2SUM4eDV6cGxLMHFUU2ZsTHAyaDh3anVSdDdVVWdrdWtzUUFCUE9DVjZpQkFDcQpOcXdZWXdlTGx3OWg3UEsxalV3aXZ3WFlUN1JVL3ZqR1JqOVRGaWNlajE4VHlZN2pFT0doYjJCSWJVdnpPeGI3CjNvWFVaNk9nSjU5MjY2TjFjZTA0aEdmbmJBNTQvQ1hvYWpxdmczZkNzeFBCSVkxdHFicnpZalZtS0k5Z2VZbVMKdkNMTndYZ04vd2pMMThzUDJSYnJ0T3l5UmpMRkZmVG1tdjlzWGxLbkRrWFpkaE1rU2VtazhnSE5Vb2poK0N3Ygp2NGV1Y0VVWUFLNnF6dXF1VVNSY3VQTjByT1BUaVpQSUpEd0Q3RGdNbzBNRFhrVi81eHBIRGdoeWRXZGFmbGJSCmpTNjI3TC9sYTlaV01ZTjZlcit2L0ErYTJyOTlnYzlpT1ZlQk1iUjBManYvaHRBbjZtNHpCYkJ0MG5WeWh6ZjIKWFpvbUFJYmg5OHZIdCtmdkozRnovZz09Ci0tLS0tRU5EIENFUlRJRklDQVRFLS0tLS0K",
                "password": "",
                "username": ""
              }
            ],
            "master_authorized_networks_config": [
              {
                "cidr_blocks": [
                  {
                    "cidr_block": "0.0.0.0/0",
                    "display_name": "everywhere"
                  }
                ]
              }
            ],
            "master_version": "1.20.8-gke.2100",
            "min_master_version": "1.20.8-gke.2100",
            "monitoring_service": "monitoring.googleapis.com/kubernetes",
            "name": "k8s-cainelli-dev",
            "network": "projects/default-1148/global/networks/kube",
            "network_policy": [
              {
                "enabled": true,
                "provider": ""
              }
            ],
            "networking_mode": "VPC_NATIVE",
            "node_config": [],
            "node_locations": [
              "europe-west3-a",
              "europe-west3-b",
              "europe-west3-c"
            ],
            "node_pool": [],
            "node_version": "1.20.8-gke.2100",
            "operation": null,
            "pod_security_policy_config": [],
            "private_cluster_config": [],
            "private_ipv6_google_access": "",
            "project": "default-1148",
            "release_channel": [
              {
                "channel": "UNSPECIFIED"
              }
            ],
            "remove_default_node_pool": true,
            "resource_labels": {
              "kubernetescluster": "k8s-cainelli-dev"
            },
            "resource_usage_export_config": [],
            "self_link": "https://container.googleapis.com/v1beta1/projects/default-1148/locations/europe-west3/clusters/k8s-cainelli-dev",
            "services_ipv4_cidr": "10.42.0.0/16",
            "subnetwork": "projects/default-1148/regions/europe-west3/subnetworks/kube-subnet",
            "timeouts": null,
            "tpu_ipv4_cidr_block": "",
            "vertical_pod_autoscaling": [
              {
                "enabled": false
              }
            ],
            "workload_identity_config": []
          },
          "sensitive_attributes": [],
          "private": "eyJlMmJmYjczMC1lY2FhLTExZTYtOGY4OC0zNDM2M2JjN2M0YzAiOnsiY3JlYXRlIjoyNDAwMDAwMDAwMDAwLCJkZWxldGUiOjI0MDAwMDAwMDAwMDAsInJlYWQiOjI0MDAwMDAwMDAwMDAsInVwZGF0ZSI6MzYwMDAwMDAwMDAwMH0sInNjaGVtYV92ZXJzaW9uIjoiMSJ9",
          "dependencies": [
            "module.cluster.google_service_account.default",
            "module.network.google_compute_network.network",
            "module.network.google_compute_subnetwork.subnetwork"
          ],
          "create_before_destroy": true
        }
      ]
    },
    {
      "module": "module.cluster",
      "mode": "managed",
      "type": "google_service_account",
      "name": "default",
      "provider": "provider[\"registry.terraform.io/hashicorp/google\"]",
      "instances": [
        {
          "schema_version": 0,
          "attributes": {
            "account_id": "k8s-cainelli-dev-sa",
            "description": "",
            "display_name": "GKE Service Account k8s-cainelli-dev",
            "email": "k8s-cainelli-dev-sa@default-1148.iam.gserviceaccount.com",
            "id": "projects/default-1148/serviceAccounts/k8s-cainelli-dev-sa@default-1148.iam.gserviceaccount.com",
            "name": "projects/default-1148/serviceAccounts/k8s-cainelli-dev-sa@default-1148.iam.gserviceaccount.com",
            "project": "default-1148",
            "timeouts": null,
            "unique_id": "111204484530609446539"
          },
          "sensitive_attributes": [],
          "private": "eyJlMmJmYjczMC1lY2FhLTExZTYtOGY4OC0zNDM2M2JjN2M0YzAiOnsiY3JlYXRlIjozMDAwMDAwMDAwMDB9fQ==",
          "create_before_destroy": true
        }
      ]
    },
    {
      "module": "module.network",
      "mode": "managed",
      "type": "google_compute_network",
      "name": "network",
      "provider": "provider[\"registry.terraform.io/hashicorp/google\"]",
      "instances": [
        {
          "schema_version": 0,
          "attributes": {
            "auto_create_subnetworks": false,
            "delete_default_routes_on_create": false,
            "description": "",
            "gateway_ipv4": "",
            "id": "projects/default-1148/global/networks/kube",
            "mtu": 0,
            "name": "kube",
            "project": "default-1148",
            "routing_mode": "GLOBAL",
            "self_link": "https://www.googleapis.com/compute/v1/projects/default-1148/global/networks/kube",
            "timeouts": null
          },
          "sensitive_attributes": [],
          "private": "eyJlMmJmYjczMC1lY2FhLTExZTYtOGY4OC0zNDM2M2JjN2M0YzAiOnsiY3JlYXRlIjoyNDAwMDAwMDAwMDAsImRlbGV0ZSI6MjQwMDAwMDAwMDAwLCJ1cGRhdGUiOjI0MDAwMDAwMDAwMH19",
          "create_before_destroy": true
        }
      ]
    },
    {
      "module": "module.network",
      "mode": "managed",
      "type": "google_compute_subnetwork",
      "name": "subnetwork",
      "provider": "provider[\"registry.terraform.io/hashicorp/google\"]",
      "instances": [
        {
          "schema_version": 0,
          "attributes": {
            "creation_timestamp": "2021-08-31T08:59:21.974-07:00",
            "description": "",
            "fingerprint": null,
            "gateway_address": "10.40.0.1",
            "id": "projects/default-1148/regions/europe-west3/subnetworks/kube-subnet",
            "ip_cidr_range": "10.40.0.0/16",
            "log_config": [],
            "name": "kube-subnet",
            "network": "https://www.googleapis.com/compute/v1/projects/default-1148/global/networks/kube",
            "private_ip_google_access": true,
            "private_ipv6_google_access": "DISABLE_GOOGLE_ACCESS",
            "project": "default-1148",
            "region": "europe-west3",
            "secondary_ip_range": [
              {
                "ip_cidr_range": "10.41.0.0/16",
                "range_name": "gke-pods-1"
              },
              {
                "ip_cidr_range": "10.42.0.0/16",
                "range_name": "gke-services-1"
              }
            ],
            "self_link": "https://www.googleapis.com/compute/v1/projects/default-1148/regions/europe-west3/subnetworks/kube-subnet",
            "timeouts": null
          },
          "sensitive_attributes": [],
          "private": "eyJlMmJmYjczMC1lY2FhLTExZTYtOGY4OC0zNDM2M2JjN2M0YzAiOnsiY3JlYXRlIjozNjAwMDAwMDAwMDAsImRlbGV0ZSI6MzYwMDAwMDAwMDAwLCJ1cGRhdGUiOjM2MDAwMDAwMDAwMH19",
          "dependencies": [
            "module.network.google_compute_network.network"
          ],
          "create_before_destroy": true
        }
      ]
    },
    {
      "module": "module.node_pool",
      "mode": "managed",
      "type": "google_container_node_pool",
      "name": "node_pool",
      "provider": "provider[\"registry.terraform.io/hashicorp/google\"]",
      "instances": [
        {
          "schema_version": 1,
          "attributes": {
            "autoscaling": [
              {
                "max_node_count": 1,
                "min_node_count": 0
              }
            ],
            "cluster": "k8s-cainelli-dev",
            "id": "projects/default-1148/locations/europe-west3/clusters/k8s-cainelli-dev/nodePools/k8s-cainelli-node-pool-5323",
            "initial_node_count": 1,
            "instance_group_urls": [
              "https://www.googleapis.com/compute/v1/projects/default-1148/zones/europe-west3-b/instanceGroupManagers/gke-k8s-cainelli-dev-k8s-cainelli-nod-177da699-grp",
              "https://www.googleapis.com/compute/v1/projects/default-1148/zones/europe-west3-a/instanceGroupManagers/gke-k8s-cainelli-dev-k8s-cainelli-nod-e1ede548-grp",
              "https://www.googleapis.com/compute/v1/projects/default-1148/zones/europe-west3-c/instanceGroupManagers/gke-k8s-cainelli-dev-k8s-cainelli-nod-799ac947-grp"
            ],
            "location": "europe-west3",
            "management": [
              {
                "auto_repair": true,
                "auto_upgrade": false
              }
            ],
            "max_pods_per_node": 110,
            "name": "k8s-cainelli-node-pool-5323",
            "name_prefix": "",
            "node_config": [
              {
                "disk_size_gb": 100,
                "disk_type": "pd-standard",
                "guest_accelerator": [],
                "image_type": "COS",
                "labels": {},
                "local_ssd_count": 0,
                "machine_type": "e2-standard-2",
                "metadata": {
                  "disable-legacy-endpoints": "true"
                },
                "min_cpu_platform": "",
                "oauth_scopes": [
                  "https://www.googleapis.com/auth/compute",
                  "https://www.googleapis.com/auth/devstorage.read_only",
                  "https://www.googleapis.com/auth/logging.write",
                  "https://www.googleapis.com/auth/monitoring"
                ],
                "preemptible": false,
                "service_account": "k8s-cainelli-dev-sa@default-1148.iam.gserviceaccount.com",
                "shielded_instance_config": [
                  {
                    "enable_integrity_monitoring": true,
                    "enable_secure_boot": false
                  }
                ],
                "tags": [],
                "taint": [],
                "workload_metadata_config": []
              }
            ],
            "node_count": 1,
            "node_locations": [
              "europe-west3-a",
              "europe-west3-b",
              "europe-west3-c"
            ],
            "operation": null,
            "project": "default-1148",
            "timeouts": null,
            "upgrade_settings": [
              {
                "max_surge": 1,
                "max_unavailable": 0
              }
            ],
            "version": "1.20.8-gke.2100"
          },
          "sensitive_attributes": [],
          "private": "eyJlMmJmYjczMC1lY2FhLTExZTYtOGY4OC0zNDM2M2JjN2M0YzAiOnsiY3JlYXRlIjoxODAwMDAwMDAwMDAwLCJkZWxldGUiOjE4MDAwMDAwMDAwMDAsInVwZGF0ZSI6MTgwMDAwMDAwMDAwMH0sInNjaGVtYV92ZXJzaW9uIjoiMSJ9",
          "dependencies": [
            "module.cluster.google_container_cluster.cluster",
            "module.cluster.google_service_account.default",
            "module.network.google_compute_network.network",
            "module.network.google_compute_subnetwork.subnetwork",
            "module.node_pool.random_id.entropy"
          ],
          "create_before_destroy": true
        }
      ]
    },
    {
      "module": "module.node_pool",
      "mode": "managed",
      "type": "random_id",
      "name": "entropy",
      "provider": "provider[\"registry.terraform.io/hashicorp/random\"]",
      "instances": [
        {
          "schema_version": 0,
          "attributes": {
            "b64_std": "UyM=",
            "b64_url": "UyM",
            "byte_length": 2,
            "dec": "21283",
            "hex": "5323",
            "id": "UyM",
            "keepers": {
              "additional_oauth_scopes": "",
              "disk_size": "100",
              "disk_type": "pd-standard",
              "enable_secure_boot": "false",
              "initial_node_count": "1",
              "labels": "{}",
              "machine_type": "e2-standard-2",
              "name": "k8s-cainelli-node-pool",
              "region": "europe-west3",
              "tags": ""
            },
            "prefix": null
          },
          "sensitive_attributes": [],
          "private": "bnVsbA==",
          "create_before_destroy": true
        }
      ]
    }
  ]
}
