{
  "version": 4,
  "terraform_version": "1.0.5",
  "serial": 83,
  "lineage": "bd5f9b12-2207-c9ee-4e14-86565139f124",
  "outputs": {},
  "resources": [
    {
      "module": "module.cluster",
      "mode": "managed",
      "type": "google_container_cluster",
      "name": "cluster",
      "provider": "provider[\"registry.terraform.io/hashicorp/google\"]",
      "instances": [
        {
          "schema_version": 1,
          "attributes": {
            "addons_config": [
              {
                "cloudrun_config": [],
                "horizontal_pod_autoscaling": [],
                "http_load_balancing": [],
                "network_policy_config": [
                  {
                    "disabled": false
                  }
                ]
              }
            ],
            "authenticator_groups_config": [],
            "cluster_autoscaling": [
              {
                "auto_provisioning_defaults": [],
                "enabled": false,
                "resource_limits": []
              }
            ],
            "cluster_ipv4_cidr": "10.41.0.0/16",
            "database_encryption": [
              {
                "key_name": "",
                "state": "DECRYPTED"
              }
            ],
            "datapath_provider": "",
            "default_max_pods_per_node": 110,
            "default_snat_status": [
              {
                "disabled": false
              }
            ],
            "description": "",
            "enable_autopilot": false,
            "enable_binary_authorization": false,
            "enable_intranode_visibility": false,
            "enable_kubernetes_alpha": false,
            "enable_legacy_abac": false,
            "enable_shielded_nodes": false,
            "enable_tpu": false,
            "endpoint": "34.141.32.43",
            "id": "projects/default-1148/locations/europe-west3/clusters/k8s-cainelli-dev",
            "initial_node_count": 1,
            "instance_group_urls": [
              "https://www.googleapis.com/compute/v1/projects/default-1148/zones/europe-west3-c/instanceGroups/gke-k8s-cainelli-dev-k8s-cainelli-nod-88d94fcc-grp",
              "https://www.googleapis.com/compute/v1/projects/default-1148/zones/europe-west3-a/instanceGroups/gke-k8s-cainelli-dev-k8s-cainelli-nod-fc637b95-grp",
              "https://www.googleapis.com/compute/v1/projects/default-1148/zones/europe-west3-b/instanceGroups/gke-k8s-cainelli-dev-k8s-cainelli-nod-a4e1c8d8-grp"
            ],
            "ip_allocation_policy": [
              {
                "cluster_ipv4_cidr_block": "10.41.0.0/16",
                "cluster_secondary_range_name": "gke-pods-1",
                "services_ipv4_cidr_block": "10.42.0.0/16",
                "services_secondary_range_name": "gke-services-1"
              }
            ],
            "label_fingerprint": "192f8a02",
            "location": "europe-west3",
            "logging_service": "logging.googleapis.com/kubernetes",
            "maintenance_policy": [
              {
                "daily_maintenance_window": [
                  {
                    "duration": "PT4H0M0S",
                    "start_time": "06:00"
                  }
                ],
                "maintenance_exclusion": [],
                "recurring_window": []
              }
            ],
            "master_auth": [
              {
                "client_certificate": "",
                "client_certificate_config": [
                  {
                    "issue_client_certificate": false
                  }
                ],
                "client_key": "",
                "cluster_ca_certificate": "LS0tLS1CRUdJTiBDRVJUSUZJQ0FURS0tLS0tCk1JSUVMRENDQXBTZ0F3SUJBZ0lRSTBwSjl3ZEw5ZUc3QlZCYmwxeVVtekFOQmdrcWhraUc5dzBCQVFzRkFEQXYKTVMwd0t3WURWUVFERXlRellqVTNNbUV4WlMxbE5ERXdMVFJoTm1RdE9Ua3dPQzAxT1dZMk1EbGxPRFJqTXprdwpJQmNOTWpFd09ESTVNVEExT0RBMldoZ1BNakExTVRBNE1qSXhNVFU0TURaYU1DOHhMVEFyQmdOVkJBTVRKRE5pCk5UY3lZVEZsTFdVME1UQXROR0UyWkMwNU9UQTRMVFU1WmpZd09XVTROR016T1RDQ0FhSXdEUVlKS29aSWh2Y04KQVFFQkJRQURnZ0dQQURDQ0FZb0NnZ0dCQUt0NTlZN20xelNyVEozRzk2anlQK3JTeTJuejZYZXZKT1ExNzFpTQppSVFRYldDVCtHS2N6Qkhub0M5MWlOUGlwSVR2OFo4bVkvaGYybjY4bUJQWWVPYUJzZXJ2WU14N2kwOHloRVpWCmVuZ0tUaTVLMlJveGNqT3dvWi9Xei9jK2xCV3g4ZXFkellYcEFkOU5kRTNhYWF2V0xVcm5zbHlRUjFiRVdYL00KZXowZTBvdGtEdjU4QW1HWUx0emtJdTd2aEpUMklXckFHZDRrVnVnb2dVWm5UZ2RRRWdoMm9yaVQ2VWM5VU9BLwpncVhnQlJ3V2g5RFhtRU5XNExBTm9qOGRPajFuZ2ZSeUxhbjNMRDM4R1ZROXJXNFVxWnBSRTlWWUtPcmptYjBLCjlYOXlRY3c4YWJoYzNEN1hFTXRSWVZaRUl5bDRSY3VEV0o4YUJZUjdBWElsdEpFV0xvS045QlExWEFiOEF5MDcKZzd4ZlBGZWZoVjhwMGh4V3Bxc3oybnlZL2FGdVBOS1QwUTZJN3c0L0dnd0I4NWp3U2ZFbmV1NEdrK2wwK1R5Rgowc3VuWWRtMHlkakFVWnJEQnM1Z21McnBOUVJiYStWaUFTdWlYd1g1RWl1b2FZeW1CN0xOYjVaaFBnWVozalRuCng3ZzRuNlREWlVSTnIya1VKTGpKZ0hHNERRSURBUUFCbzBJd1FEQU9CZ05WSFE4QkFmOEVCQU1DQWdRd0R3WUQKVlIwVEFRSC9CQVV3QXdFQi96QWRCZ05WSFE0RUZnUVVDVHBQV3VtZm1TVDNSb0NqTUhScllZbnZyMUF3RFFZSgpLb1pJaHZjTkFRRUxCUUFEZ2dHQkFENTl3WVlXM2FuR3RTM0FaS3FFclU3amNpR09XcUUyaHVqS1lKWnhvenFZClhpSzRhcmI2L1ljanY3YndnWGM2SytCY0lsdnhkUzdnZS9JWTdOUU9FNThGZDBQWWpqRmxTRG95b1l1TTRwVFQKUkcwVWlJc0lrRlRxblI2SUJramF0QmNYbExoNDRJU0ZtY09vTEd4Y2dJNE1Odno2SGU4NG5QMVJEZFg4WG1hMwpxc2lBQ0lwdFlUc2ZmY1p3ajBQdzFiMTljais0a1VBZmNjNG12MUp2Q2NtWlNRS2IxWHhvcy9GSmpsMHhMTDcwCmVrWUNqNFBtTHJ3bk9NNVVwS3hibEcxWXU3dmhMWDJWTWZ4V2g1cnREdHVRWit0a0Y3aUpzN3kyRWtmZFR3TngKbUpXemFiOUQ5Q2ZTcDR6azhqZ095dlVaM3lzVVlFOWZTVDlrSWVQcFpXU1VxYzJrTFpvR1BJTTVGOHhwTHplagpDdFhoemw5SHR2TFc2WE16SllJQlR3TkRaZy92Y2l4N1ZOdlR4bGM2WWh3eUQ5VXBnSCt1RkFPQkwrSS9NdldzCmZlZGtCTjNDQWlKS2RRWWs2YUwxaytycVNRU1JPZ2tsQTRCRHpXVm5MbmorTGJWdEMzSWdpcUpCMHhnZVVTdmsKZGxqaXdOVm9rZUZkSWF3SS9NKzRvQT09Ci0tLS0tRU5EIENFUlRJRklDQVRFLS0tLS0K",
                "password": "",
                "username": ""
              }
            ],
            "master_authorized_networks_config": [
              {
                "cidr_blocks": [
                  {
                    "cidr_block": "0.0.0.0/0",
                    "display_name": "everywhere"
                  }
                ]
              }
            ],
            "master_version": "1.20.8-gke.2100",
            "min_master_version": "1.20.8-gke.2100",
            "monitoring_service": "monitoring.googleapis.com/kubernetes",
            "name": "k8s-cainelli-dev",
            "network": "projects/default-1148/global/networks/kube",
            "network_policy": [
              {
                "enabled": true,
                "provider": ""
              }
            ],
            "networking_mode": "VPC_NATIVE",
            "node_config": [
              {
                "disk_size_gb": 100,
                "disk_type": "pd-standard",
                "guest_accelerator": [],
                "image_type": "COS",
                "labels": {},
                "local_ssd_count": 0,
                "machine_type": "n2-standard-2",
                "metadata": {
                  "disable-legacy-endpoints": "true"
                },
                "min_cpu_platform": "",
                "oauth_scopes": [
                  "https://www.googleapis.com/auth/compute",
                  "https://www.googleapis.com/auth/devstorage.read_only",
                  "https://www.googleapis.com/auth/logging.write",
                  "https://www.googleapis.com/auth/monitoring"
                ],
                "preemptible": false,
                "service_account": "k8s-cainelli-dev-sa@default-1148.iam.gserviceaccount.com",
                "shielded_instance_config": [
                  {
                    "enable_integrity_monitoring": true,
                    "enable_secure_boot": false
                  }
                ],
                "tags": [],
                "taint": [],
                "workload_metadata_config": []
              }
            ],
            "node_locations": [
              "europe-west3-a",
              "europe-west3-b",
              "europe-west3-c"
            ],
            "node_pool": [
              {
                "autoscaling": [
                  {
                    "max_node_count": 1,
                    "min_node_count": 0
                  }
                ],
                "initial_node_count": 1,
                "instance_group_urls": [
                  "https://www.googleapis.com/compute/v1/projects/default-1148/zones/europe-west3-c/instanceGroupManagers/gke-k8s-cainelli-dev-k8s-cainelli-nod-88d94fcc-grp",
                  "https://www.googleapis.com/compute/v1/projects/default-1148/zones/europe-west3-a/instanceGroupManagers/gke-k8s-cainelli-dev-k8s-cainelli-nod-fc637b95-grp",
                  "https://www.googleapis.com/compute/v1/projects/default-1148/zones/europe-west3-b/instanceGroupManagers/gke-k8s-cainelli-dev-k8s-cainelli-nod-a4e1c8d8-grp"
                ],
                "management": [
                  {
                    "auto_repair": true,
                    "auto_upgrade": false
                  }
                ],
                "max_pods_per_node": 110,
                "name": "k8s-cainelli-node-pool-e3eb",
                "name_prefix": "",
                "node_config": [
                  {
                    "disk_size_gb": 100,
                    "disk_type": "pd-standard",
                    "guest_accelerator": [],
                    "image_type": "COS",
                    "labels": {},
                    "local_ssd_count": 0,
                    "machine_type": "n2-standard-2",
                    "metadata": {
                      "disable-legacy-endpoints": "true"
                    },
                    "min_cpu_platform": "",
                    "oauth_scopes": [
                      "https://www.googleapis.com/auth/compute",
                      "https://www.googleapis.com/auth/devstorage.read_only",
                      "https://www.googleapis.com/auth/logging.write",
                      "https://www.googleapis.com/auth/monitoring"
                    ],
                    "preemptible": false,
                    "service_account": "k8s-cainelli-dev-sa@default-1148.iam.gserviceaccount.com",
                    "shielded_instance_config": [
                      {
                        "enable_integrity_monitoring": true,
                        "enable_secure_boot": false
                      }
                    ],
                    "tags": [],
                    "taint": [],
                    "workload_metadata_config": []
                  }
                ],
                "node_count": 1,
                "node_locations": [
                  "europe-west3-a",
                  "europe-west3-b",
                  "europe-west3-c"
                ],
                "upgrade_settings": [
                  {
                    "max_surge": 1,
                    "max_unavailable": 0
                  }
                ],
                "version": "1.20.8-gke.2100"
              }
            ],
            "node_version": "1.20.8-gke.2100",
            "operation": null,
            "pod_security_policy_config": [],
            "private_cluster_config": [],
            "private_ipv6_google_access": "",
            "project": "default-1148",
            "release_channel": [
              {
                "channel": "UNSPECIFIED"
              }
            ],
            "remove_default_node_pool": true,
            "resource_labels": {
              "kubernetescluster": "k8s-cainelli-dev"
            },
            "resource_usage_export_config": [],
            "self_link": "https://container.googleapis.com/v1beta1/projects/default-1148/locations/europe-west3/clusters/k8s-cainelli-dev",
            "services_ipv4_cidr": "10.42.0.0/16",
            "subnetwork": "projects/default-1148/regions/europe-west3/subnetworks/kube-subnet",
            "timeouts": null,
            "tpu_ipv4_cidr_block": "",
            "vertical_pod_autoscaling": [
              {
                "enabled": false
              }
            ],
            "workload_identity_config": []
          },
          "sensitive_attributes": [],
          "private": "eyJlMmJmYjczMC1lY2FhLTExZTYtOGY4OC0zNDM2M2JjN2M0YzAiOnsiY3JlYXRlIjoyNDAwMDAwMDAwMDAwLCJkZWxldGUiOjI0MDAwMDAwMDAwMDAsInJlYWQiOjI0MDAwMDAwMDAwMDAsInVwZGF0ZSI6MzYwMDAwMDAwMDAwMH0sInNjaGVtYV92ZXJzaW9uIjoiMSJ9",
          "dependencies": [
            "module.cluster.google_service_account.default",
            "module.network.google_compute_network.network",
            "module.network.google_compute_subnetwork.subnetwork"
          ],
          "create_before_destroy": true
        }
      ]
    },
    {
      "module": "module.cluster",
      "mode": "managed",
      "type": "google_service_account",
      "name": "default",
      "provider": "provider[\"registry.terraform.io/hashicorp/google\"]",
      "instances": [
        {
          "schema_version": 0,
          "attributes": {
            "account_id": "k8s-cainelli-dev-sa",
            "description": "",
            "display_name": "GKE Service Account k8s-cainelli-dev",
            "email": "k8s-cainelli-dev-sa@default-1148.iam.gserviceaccount.com",
            "id": "projects/default-1148/serviceAccounts/k8s-cainelli-dev-sa@default-1148.iam.gserviceaccount.com",
            "name": "projects/default-1148/serviceAccounts/k8s-cainelli-dev-sa@default-1148.iam.gserviceaccount.com",
            "project": "default-1148",
            "timeouts": null,
            "unique_id": "110741497527642632535"
          },
          "sensitive_attributes": [],
          "private": "eyJlMmJmYjczMC1lY2FhLTExZTYtOGY4OC0zNDM2M2JjN2M0YzAiOnsiY3JlYXRlIjozMDAwMDAwMDAwMDB9fQ==",
          "create_before_destroy": true
        }
      ]
    },
    {
      "module": "module.network",
      "mode": "managed",
      "type": "google_compute_network",
      "name": "network",
      "provider": "provider[\"registry.terraform.io/hashicorp/google\"]",
      "instances": [
        {
          "schema_version": 0,
          "attributes": {
            "auto_create_subnetworks": false,
            "delete_default_routes_on_create": false,
            "description": "",
            "gateway_ipv4": "",
            "id": "projects/default-1148/global/networks/kube",
            "mtu": 0,
            "name": "kube",
            "project": "default-1148",
            "routing_mode": "GLOBAL",
            "self_link": "https://www.googleapis.com/compute/v1/projects/default-1148/global/networks/kube",
            "timeouts": null
          },
          "sensitive_attributes": [],
          "private": "eyJlMmJmYjczMC1lY2FhLTExZTYtOGY4OC0zNDM2M2JjN2M0YzAiOnsiY3JlYXRlIjoyNDAwMDAwMDAwMDAsImRlbGV0ZSI6MjQwMDAwMDAwMDAwLCJ1cGRhdGUiOjI0MDAwMDAwMDAwMH19",
          "create_before_destroy": true
        }
      ]
    },
    {
      "module": "module.network",
      "mode": "managed",
      "type": "google_compute_subnetwork",
      "name": "subnetwork",
      "provider": "provider[\"registry.terraform.io/hashicorp/google\"]",
      "instances": [
        {
          "schema_version": 0,
          "attributes": {
            "creation_timestamp": "2021-08-29T04:16:45.866-07:00",
            "description": "",
            "fingerprint": null,
            "gateway_address": "10.40.0.1",
            "id": "projects/default-1148/regions/europe-west3/subnetworks/kube-subnet",
            "ip_cidr_range": "10.40.0.0/16",
            "log_config": [],
            "name": "kube-subnet",
            "network": "https://www.googleapis.com/compute/v1/projects/default-1148/global/networks/kube",
            "private_ip_google_access": true,
            "private_ipv6_google_access": "DISABLE_GOOGLE_ACCESS",
            "project": "default-1148",
            "region": "europe-west3",
            "secondary_ip_range": [
              {
                "ip_cidr_range": "10.41.0.0/16",
                "range_name": "gke-pods-1"
              },
              {
                "ip_cidr_range": "10.42.0.0/16",
                "range_name": "gke-services-1"
              }
            ],
            "self_link": "https://www.googleapis.com/compute/v1/projects/default-1148/regions/europe-west3/subnetworks/kube-subnet",
            "timeouts": null
          },
          "sensitive_attributes": [],
          "private": "eyJlMmJmYjczMC1lY2FhLTExZTYtOGY4OC0zNDM2M2JjN2M0YzAiOnsiY3JlYXRlIjozNjAwMDAwMDAwMDAsImRlbGV0ZSI6MzYwMDAwMDAwMDAwLCJ1cGRhdGUiOjM2MDAwMDAwMDAwMH19",
          "dependencies": [
            "module.network.google_compute_network.network"
          ],
          "create_before_destroy": true
        }
      ]
    },
    {
      "module": "module.node_pool",
      "mode": "managed",
      "type": "google_container_node_pool",
      "name": "node_pool",
      "provider": "provider[\"registry.terraform.io/hashicorp/google\"]",
      "instances": [
        {
          "schema_version": 1,
          "attributes": {
            "autoscaling": [
              {
                "max_node_count": 1,
                "min_node_count": 0
              }
            ],
            "cluster": "k8s-cainelli-dev",
            "id": "projects/default-1148/locations/europe-west3/clusters/k8s-cainelli-dev/nodePools/k8s-cainelli-node-pool-29ac",
            "initial_node_count": 1,
            "instance_group_urls": [
              "https://www.googleapis.com/compute/v1/projects/default-1148/zones/europe-west3-c/instanceGroupManagers/gke-k8s-cainelli-dev-k8s-cainelli-nod-70886b4c-grp",
              "https://www.googleapis.com/compute/v1/projects/default-1148/zones/europe-west3-a/instanceGroupManagers/gke-k8s-cainelli-dev-k8s-cainelli-nod-4e559267-grp",
              "https://www.googleapis.com/compute/v1/projects/default-1148/zones/europe-west3-b/instanceGroupManagers/gke-k8s-cainelli-dev-k8s-cainelli-nod-18832821-grp"
            ],
            "location": "europe-west3",
            "management": [
              {
                "auto_repair": true,
                "auto_upgrade": false
              }
            ],
            "max_pods_per_node": 110,
            "name": "k8s-cainelli-node-pool-29ac",
            "name_prefix": "",
            "node_config": [
              {
                "disk_size_gb": 100,
                "disk_type": "pd-standard",
                "guest_accelerator": [],
                "image_type": "COS",
                "labels": {},
                "local_ssd_count": 0,
                "machine_type": "e2-standard-2",
                "metadata": {
                  "disable-legacy-endpoints": "true"
                },
                "min_cpu_platform": "",
                "oauth_scopes": [
                  "https://www.googleapis.com/auth/compute",
                  "https://www.googleapis.com/auth/devstorage.read_only",
                  "https://www.googleapis.com/auth/logging.write",
                  "https://www.googleapis.com/auth/monitoring"
                ],
                "preemptible": false,
                "service_account": "k8s-cainelli-dev-sa@default-1148.iam.gserviceaccount.com",
                "shielded_instance_config": [
                  {
                    "enable_integrity_monitoring": true,
                    "enable_secure_boot": false
                  }
                ],
                "tags": [],
                "taint": [],
                "workload_metadata_config": []
              }
            ],
            "node_count": 1,
            "node_locations": [
              "europe-west3-a",
              "europe-west3-b",
              "europe-west3-c"
            ],
            "operation": null,
            "project": "default-1148",
            "timeouts": null,
            "upgrade_settings": [
              {
                "max_surge": 1,
                "max_unavailable": 0
              }
            ],
            "version": "1.20.8-gke.2100"
          },
          "sensitive_attributes": [],
          "private": "eyJlMmJmYjczMC1lY2FhLTExZTYtOGY4OC0zNDM2M2JjN2M0YzAiOnsiY3JlYXRlIjoxODAwMDAwMDAwMDAwLCJkZWxldGUiOjE4MDAwMDAwMDAwMDAsInVwZGF0ZSI6MTgwMDAwMDAwMDAwMH0sInNjaGVtYV92ZXJzaW9uIjoiMSJ9",
          "dependencies": [
            "module.cluster.google_container_cluster.cluster",
            "module.cluster.google_service_account.default",
            "module.node_pool.random_id.entropy"
          ],
          "create_before_destroy": true
        }
      ]
    },
    {
      "module": "module.node_pool",
      "mode": "managed",
      "type": "random_id",
      "name": "entropy",
      "provider": "provider[\"registry.terraform.io/hashicorp/random\"]",
      "instances": [
        {
          "schema_version": 0,
          "attributes": {
            "b64_std": "Kaw=",
            "b64_url": "Kaw",
            "byte_length": 2,
            "dec": "10668",
            "hex": "29ac",
            "id": "Kaw",
            "keepers": {
              "additional_oauth_scopes": "",
              "disk_size": "100",
              "disk_type": "pd-standard",
              "enable_secure_boot": "false",
              "initial_node_count": "1",
              "labels": "{}",
              "machine_type": "e2-standard-2",
              "name": "k8s-cainelli-node-pool",
              "region": "europe-west3",
              "tags": ""
            },
            "prefix": null
          },
          "sensitive_attributes": [],
          "private": "bnVsbA==",
          "create_before_destroy": true
        }
      ]
    }
  ]
}
